
Microsoft Visual Studio Solution File, Format Version 12.00
# Visual Studio Version 17
VisualStudioVersion = 17.10.35027.167
MinimumVisualStudioVersion = 10.0.40219.1
Project("{FAE04EC0-301F-11D3-BF4B-00C04F79EFBC}") = "Excel.Oh58lib", "Excel.Oh58lib\Excel.Oh58lib.csproj", "{F7D6CCF3-58CD-4A29-A2E4-B0223B4B459C}"
EndProject
Global
	GlobalSection(SolutionConfigurationPlatforms) = preSolution
		Debug|Any CPU = Debug|Any CPU
		Release|Any CPU = Release|Any CPU
	EndGlobalSection
	GlobalSection(ProjectConfigurationPlatforms) = postSolution
		{F7D6CCF3-58CD-4A29-A2E4-B0223B4B459C}.Debug|Any CPU.ActiveCfg = Debug|Any CPU
		{F7D6CCF3-58CD-4A29-A2E4-B0223B4B459C}.Debug|Any CPU.Build.0 = Debug|Any CPU
		{F7D6CCF3-58CD-4A29-A2E4-B0223B4B459C}.Release|Any CPU.ActiveCfg = Release|Any CPU
		{F7D6CCF3-58CD-4A29-A2E4-B0223B4B459C}.Release|Any CPU.Build.0 = Release|Any CPU
	EndGlobalSection
	GlobalSection(SolutionProperties) = preSolution
		HideSolutionNode = FALSE
	EndGlobalSection
	GlobalSection(ExtensibilityGlobals) = postSolution
		SolutionGuid = {A55082AD-14A4-4DCC-82B4-3C6F1B5646B5}
	EndGlobalSection
EndGlobal
